
Microsoft Visual Studio Solution File, Format Version 12.00
# Visual Studio Version 17
VisualStudioVersion = 17.8.34330.188
MinimumVisualStudioVersion = 10.0.40219.1
Project("{9A19103F-16F7-4668-BE54-9A1E7A4F7556}") = "DLTestServer", "DLTestServer\DLTestServer.csproj", "{0EE8E9A5-9375-4B2C-A87C-1246FE8A82A9}"
EndProject
Project("{FAE04EC0-301F-11D3-BF4B-00C04F79EFBC}") = "DLTestClient", "DLTestClient\DLTestClient.csproj", "{C4026890-68C0-41FE-B6C1-1764342B1D9A}"
EndProject
Global
	GlobalSection(SolutionConfigurationPlatforms) = preSolution
		Debug|Any CPU = Debug|Any CPU
		Release|Any CPU = Release|Any CPU
	EndGlobalSection
	GlobalSection(ProjectConfigurationPlatforms) = postSolution
		{0EE8E9A5-9375-4B2C-A87C-1246FE8A82A9}.Debug|Any CPU.ActiveCfg = Debug|Any CPU
		{0EE8E9A5-9375-4B2C-A87C-1246FE8A82A9}.Debug|Any CPU.Build.0 = Debug|Any CPU
		{0EE8E9A5-9375-4B2C-A87C-1246FE8A82A9}.Release|Any CPU.ActiveCfg = Release|Any CPU
		{0EE8E9A5-9375-4B2C-A87C-1246FE8A82A9}.Release|Any CPU.Build.0 = Release|Any CPU
		{C4026890-68C0-41FE-B6C1-1764342B1D9A}.Debug|Any CPU.ActiveCfg = Debug|Any CPU
		{C4026890-68C0-41FE-B6C1-1764342B1D9A}.Debug|Any CPU.Build.0 = Debug|Any CPU
		{C4026890-68C0-41FE-B6C1-1764342B1D9A}.Release|Any CPU.ActiveCfg = Release|Any CPU
		{C4026890-68C0-41FE-B6C1-1764342B1D9A}.Release|Any CPU.Build.0 = Release|Any CPU
	EndGlobalSection
	GlobalSection(SolutionProperties) = preSolution
		HideSolutionNode = FALSE
	EndGlobalSection
	GlobalSection(ExtensibilityGlobals) = postSolution
		SolutionGuid = {8C66F7A5-B21C-4539-9510-44592D302254}
	EndGlobalSection
EndGlobal
